
Microsoft Visual Studio Solution File, Format Version 12.00
# Visual Studio Version 17
VisualStudioVersion = 17.11.35312.102
MinimumVisualStudioVersion = 10.0.40219.1
Project("{9A19103F-16F7-4668-BE54-9A1E7A4F7556}") = "AuroraLib.Pixel", "src\AuroraLib.Pixel\AuroraLib.Pixel.csproj", "{D5191F78-32F8-4265-A4C6-A1F5CCE870E1}"
EndProject
Project("{9A19103F-16F7-4668-BE54-9A1E7A4F7556}") = "PixelTest", "PixelTest\PixelTest.csproj", "{0E57B67E-7E4D-4B41-888F-D44192B6FB6A}"
EndProject
Project("{9A19103F-16F7-4668-BE54-9A1E7A4F7556}") = "AuroraLib.Pixel.BitmapExtension", "src\AuroraLib.Pixel.BitmapExtension\AuroraLib.Pixel.BitmapExtension.csproj", "{4CD06069-BE42-442A-B39F-FF5A797FDC9D}"
EndProject
Project("{9A19103F-16F7-4668-BE54-9A1E7A4F7556}") = "AuroraLib.Pixel.ImageSharpExtension", "src\AuroraLib.Pixel.ImageSharpExtension\AuroraLib.Pixel.ImageSharpExtension.csproj", "{90FFFD2F-6DCA-43F2-94EC-7D34647B3446}"
EndProject
Global
	GlobalSection(SolutionConfigurationPlatforms) = preSolution
		Debug|Any CPU = Debug|Any CPU
		Optimized|Any CPU = Optimized|Any CPU
		Release|Any CPU = Release|Any CPU
	EndGlobalSection
	GlobalSection(ProjectConfigurationPlatforms) = postSolution
		{D5191F78-32F8-4265-A4C6-A1F5CCE870E1}.Debug|Any CPU.ActiveCfg = Debug|Any CPU
		{D5191F78-32F8-4265-A4C6-A1F5CCE870E1}.Debug|Any CPU.Build.0 = Debug|Any CPU
		{D5191F78-32F8-4265-A4C6-A1F5CCE870E1}.Optimized|Any CPU.ActiveCfg = Release|Any CPU
		{D5191F78-32F8-4265-A4C6-A1F5CCE870E1}.Optimized|Any CPU.Build.0 = Release|Any CPU
		{D5191F78-32F8-4265-A4C6-A1F5CCE870E1}.Release|Any CPU.ActiveCfg = Release|Any CPU
		{D5191F78-32F8-4265-A4C6-A1F5CCE870E1}.Release|Any CPU.Build.0 = Release|Any CPU
		{0E57B67E-7E4D-4B41-888F-D44192B6FB6A}.Debug|Any CPU.ActiveCfg = Debug|Any CPU
		{0E57B67E-7E4D-4B41-888F-D44192B6FB6A}.Debug|Any CPU.Build.0 = Debug|Any CPU
		{0E57B67E-7E4D-4B41-888F-D44192B6FB6A}.Optimized|Any CPU.ActiveCfg = Optimized|Any CPU
		{0E57B67E-7E4D-4B41-888F-D44192B6FB6A}.Optimized|Any CPU.Build.0 = Optimized|Any CPU
		{0E57B67E-7E4D-4B41-888F-D44192B6FB6A}.Release|Any CPU.ActiveCfg = Release|Any CPU
		{0E57B67E-7E4D-4B41-888F-D44192B6FB6A}.Release|Any CPU.Build.0 = Release|Any CPU
		{4CD06069-BE42-442A-B39F-FF5A797FDC9D}.Debug|Any CPU.ActiveCfg = Debug|Any CPU
		{4CD06069-BE42-442A-B39F-FF5A797FDC9D}.Debug|Any CPU.Build.0 = Debug|Any CPU
		{4CD06069-BE42-442A-B39F-FF5A797FDC9D}.Optimized|Any CPU.ActiveCfg = Optimized|Any CPU
		{4CD06069-BE42-442A-B39F-FF5A797FDC9D}.Optimized|Any CPU.Build.0 = Optimized|Any CPU
		{4CD06069-BE42-442A-B39F-FF5A797FDC9D}.Release|Any CPU.ActiveCfg = Release|Any CPU
		{4CD06069-BE42-442A-B39F-FF5A797FDC9D}.Release|Any CPU.Build.0 = Release|Any CPU
		{90FFFD2F-6DCA-43F2-94EC-7D34647B3446}.Debug|Any CPU.ActiveCfg = Debug|Any CPU
		{90FFFD2F-6DCA-43F2-94EC-7D34647B3446}.Debug|Any CPU.Build.0 = Debug|Any CPU
		{90FFFD2F-6DCA-43F2-94EC-7D34647B3446}.Optimized|Any CPU.ActiveCfg = Optimized|Any CPU
		{90FFFD2F-6DCA-43F2-94EC-7D34647B3446}.Optimized|Any CPU.Build.0 = Optimized|Any CPU
		{90FFFD2F-6DCA-43F2-94EC-7D34647B3446}.Release|Any CPU.ActiveCfg = Release|Any CPU
		{90FFFD2F-6DCA-43F2-94EC-7D34647B3446}.Release|Any CPU.Build.0 = Release|Any CPU
	EndGlobalSection
	GlobalSection(SolutionProperties) = preSolution
		HideSolutionNode = FALSE
	EndGlobalSection
	GlobalSection(ExtensibilityGlobals) = postSolution
		SolutionGuid = {48279940-8ACB-4BD3-A2D2-07B357E28347}
	EndGlobalSection
EndGlobal
